
Microsoft Visual Studio Solution File, Format Version 12.00
# Visual Studio 15
VisualStudioVersion = 15.0.28307.168
MinimumVisualStudioVersion = 10.0.40219.1
Project("{FAE04EC0-301F-11D3-BF4B-00C04F79EFBC}") = "Turkish Super League", "Turkish Super League\Turkish Super League.csproj", "{A3C1D6ED-73EC-4FFE-A6E2-E54203B5308D}"
EndProject
Global
	GlobalSection(SolutionConfigurationPlatforms) = preSolution
		Debug|Any CPU = Debug|Any CPU
		Release|Any CPU = Release|Any CPU
	EndGlobalSection
	GlobalSection(ProjectConfigurationPlatforms) = postSolution
		{A3C1D6ED-73EC-4FFE-A6E2-E54203B5308D}.Debug|Any CPU.ActiveCfg = Debug|Any CPU
		{A3C1D6ED-73EC-4FFE-A6E2-E54203B5308D}.Debug|Any CPU.Build.0 = Debug|Any CPU
		{A3C1D6ED-73EC-4FFE-A6E2-E54203B5308D}.Release|Any CPU.ActiveCfg = Release|Any CPU
		{A3C1D6ED-73EC-4FFE-A6E2-E54203B5308D}.Release|Any CPU.Build.0 = Release|Any CPU
	EndGlobalSection
	GlobalSection(SolutionProperties) = preSolution
		HideSolutionNode = FALSE
	EndGlobalSection
	GlobalSection(ExtensibilityGlobals) = postSolution
		SolutionGuid = {E448960F-5F95-4F6B-960B-F6E24CD4F929}
	EndGlobalSection
EndGlobal
